
Microsoft Visual Studio Solution File, Format Version 12.00
# Visual Studio Version 17
VisualStudioVersion = 17.5.33530.505
MinimumVisualStudioVersion = 10.0.40219.1
Project("{FAE04EC0-301F-11D3-BF4B-00C04F79EFBC}") = "AlwaysInflatedBalloons", "AlwaysInflatedBalloons.csproj", "{4A804FE0-EF13-4492-8504-3E30047C224E}"
EndProject
Global
	GlobalSection(SolutionConfigurationPlatforms) = preSolution
		Debug|Any CPU = Debug|Any CPU
		Release|Any CPU = Release|Any CPU
	EndGlobalSection
	GlobalSection(ProjectConfigurationPlatforms) = postSolution
		{4A804FE0-EF13-4492-8504-3E30047C224E}.Debug|Any CPU.ActiveCfg = Debug|Any CPU
		{4A804FE0-EF13-4492-8504-3E30047C224E}.Debug|Any CPU.Build.0 = Debug|Any CPU
		{4A804FE0-EF13-4492-8504-3E30047C224E}.Release|Any CPU.ActiveCfg = Release|Any CPU
		{4A804FE0-EF13-4492-8504-3E30047C224E}.Release|Any CPU.Build.0 = Release|Any CPU
	EndGlobalSection
	GlobalSection(SolutionProperties) = preSolution
		HideSolutionNode = FALSE
	EndGlobalSection
	GlobalSection(ExtensibilityGlobals) = postSolution
		SolutionGuid = {045FD149-C23D-401B-8A5C-06D70DCE4378}
	EndGlobalSection
EndGlobal
